
Microsoft Visual Studio Solution File, Format Version 12.00
Project("{FAE04EC0-301F-11D3-BF4B-00C04F79EFBC}") = "StyleCast", "StyleCast.csproj", "{A7E8777D-EF9D-4E62-88B5-9E5ECC96B45F}"
EndProject
Global
	GlobalSection(SolutionConfigurationPlatforms) = preSolution
		Debug|Any CPU = Debug|Any CPU
		Release|Any CPU = Release|Any CPU
	EndGlobalSection
	GlobalSection(ProjectConfigurationPlatforms) = postSolution
		{A7E8777D-EF9D-4E62-88B5-9E5ECC96B45F}.Debug|Any CPU.ActiveCfg = Debug|Any CPU
		{A7E8777D-EF9D-4E62-88B5-9E5ECC96B45F}.Debug|Any CPU.Build.0 = Debug|Any CPU
		{A7E8777D-EF9D-4E62-88B5-9E5ECC96B45F}.Release|Any CPU.ActiveCfg = Release|Any CPU
		{A7E8777D-EF9D-4E62-88B5-9E5ECC96B45F}.Release|Any CPU.Build.0 = Release|Any CPU
	EndGlobalSection
EndGlobal
